
Microsoft Visual Studio Solution File, Format Version 12.00
# Visual Studio Version 16
VisualStudioVersion = 16.0.31829.152
MinimumVisualStudioVersion = 10.0.40219.1
Project("{9A19103F-16F7-4668-BE54-9A1E7A4F7556}") = "Library Management", "Library Management\Library Management.csproj", "{A5A5E6AE-6B3D-4D4F-A7AC-91527875E5D2}"
EndProject
Project("{9A19103F-16F7-4668-BE54-9A1E7A4F7556}") = "DataAccessLayer", "DataAccessLayer\DataAccessLayer.csproj", "{F32D1FD2-2E14-472B-B234-99B7A0493E8F}"
EndProject
Project("{9A19103F-16F7-4668-BE54-9A1E7A4F7556}") = "Api", "Api\Api.csproj", "{895BECB1-C186-4D1C-BA69-9F696993179C}"
EndProject
Global
	GlobalSection(SolutionConfigurationPlatforms) = preSolution
		Debug|Any CPU = Debug|Any CPU
		Release|Any CPU = Release|Any CPU
	EndGlobalSection
	GlobalSection(ProjectConfigurationPlatforms) = postSolution
		{A5A5E6AE-6B3D-4D4F-A7AC-91527875E5D2}.Debug|Any CPU.ActiveCfg = Debug|Any CPU
		{A5A5E6AE-6B3D-4D4F-A7AC-91527875E5D2}.Debug|Any CPU.Build.0 = Debug|Any CPU
		{A5A5E6AE-6B3D-4D4F-A7AC-91527875E5D2}.Release|Any CPU.ActiveCfg = Release|Any CPU
		{A5A5E6AE-6B3D-4D4F-A7AC-91527875E5D2}.Release|Any CPU.Build.0 = Release|Any CPU
		{F32D1FD2-2E14-472B-B234-99B7A0493E8F}.Debug|Any CPU.ActiveCfg = Debug|Any CPU
		{F32D1FD2-2E14-472B-B234-99B7A0493E8F}.Debug|Any CPU.Build.0 = Debug|Any CPU
		{F32D1FD2-2E14-472B-B234-99B7A0493E8F}.Release|Any CPU.ActiveCfg = Release|Any CPU
		{F32D1FD2-2E14-472B-B234-99B7A0493E8F}.Release|Any CPU.Build.0 = Release|Any CPU
		{895BECB1-C186-4D1C-BA69-9F696993179C}.Debug|Any CPU.ActiveCfg = Debug|Any CPU
		{895BECB1-C186-4D1C-BA69-9F696993179C}.Debug|Any CPU.Build.0 = Debug|Any CPU
		{895BECB1-C186-4D1C-BA69-9F696993179C}.Release|Any CPU.ActiveCfg = Release|Any CPU
		{895BECB1-C186-4D1C-BA69-9F696993179C}.Release|Any CPU.Build.0 = Release|Any CPU
	EndGlobalSection
	GlobalSection(SolutionProperties) = preSolution
		HideSolutionNode = FALSE
	EndGlobalSection
	GlobalSection(ExtensibilityGlobals) = postSolution
		SolutionGuid = {43B7F0CA-229E-430E-B3E3-A28D708EC86C}
	EndGlobalSection
EndGlobal
